
Microsoft Visual Studio Solution File, Format Version 12.00
# Visual Studio Version 17
VisualStudioVersion = 17.1.32407.343
MinimumVisualStudioVersion = 10.0.40219.1
Project("{FAE04EC0-301F-11D3-BF4B-00C04F79EFBC}") = "BlogPessoal", "BlogPessoal\BlogPessoal.csproj", "{5A188F1B-0871-486D-8AF5-E44BC6CB461C}"
EndProject
Project("{FAE04EC0-301F-11D3-BF4B-00C04F79EFBC}") = "BlogPessoalTeste", "BlogPessoalTeste\BlogPessoalTeste.csproj", "{FE76DF69-CBA2-4D51-A6F5-D83B7BB841E7}"
EndProject
Global
	GlobalSection(SolutionConfigurationPlatforms) = preSolution
		Debug|Any CPU = Debug|Any CPU
		Release|Any CPU = Release|Any CPU
	EndGlobalSection
	GlobalSection(ProjectConfigurationPlatforms) = postSolution
		{5A188F1B-0871-486D-8AF5-E44BC6CB461C}.Debug|Any CPU.ActiveCfg = Debug|Any CPU
		{5A188F1B-0871-486D-8AF5-E44BC6CB461C}.Debug|Any CPU.Build.0 = Debug|Any CPU
		{5A188F1B-0871-486D-8AF5-E44BC6CB461C}.Release|Any CPU.ActiveCfg = Release|Any CPU
		{5A188F1B-0871-486D-8AF5-E44BC6CB461C}.Release|Any CPU.Build.0 = Release|Any CPU
		{FE76DF69-CBA2-4D51-A6F5-D83B7BB841E7}.Debug|Any CPU.ActiveCfg = Debug|Any CPU
		{FE76DF69-CBA2-4D51-A6F5-D83B7BB841E7}.Debug|Any CPU.Build.0 = Debug|Any CPU
		{FE76DF69-CBA2-4D51-A6F5-D83B7BB841E7}.Release|Any CPU.ActiveCfg = Release|Any CPU
		{FE76DF69-CBA2-4D51-A6F5-D83B7BB841E7}.Release|Any CPU.Build.0 = Release|Any CPU
	EndGlobalSection
	GlobalSection(SolutionProperties) = preSolution
		HideSolutionNode = FALSE
	EndGlobalSection
	GlobalSection(ExtensibilityGlobals) = postSolution
		SolutionGuid = {0C9BDB11-07D5-4B0C-BCEC-295E481D8D74}
	EndGlobalSection
EndGlobal
